
Microsoft Visual Studio Solution File, Format Version 12.00
# Visual Studio Version 16
VisualStudioVersion = 16.0.33529.622
MinimumVisualStudioVersion = 10.0.40219.1
Project("{F184B08F-C81C-45F6-A57F-5ABD9991F28F}") = "Examen2", "Examen2\Examen2.vbproj", "{2390EDE4-C14F-4D50-B974-4718B8A61F44}"
EndProject
Global
	GlobalSection(SolutionConfigurationPlatforms) = preSolution
		Debug|Any CPU = Debug|Any CPU
		Release|Any CPU = Release|Any CPU
	EndGlobalSection
	GlobalSection(ProjectConfigurationPlatforms) = postSolution
		{2390EDE4-C14F-4D50-B974-4718B8A61F44}.Debug|Any CPU.ActiveCfg = Debug|Any CPU
		{2390EDE4-C14F-4D50-B974-4718B8A61F44}.Debug|Any CPU.Build.0 = Debug|Any CPU
		{2390EDE4-C14F-4D50-B974-4718B8A61F44}.Release|Any CPU.ActiveCfg = Release|Any CPU
		{2390EDE4-C14F-4D50-B974-4718B8A61F44}.Release|Any CPU.Build.0 = Release|Any CPU
	EndGlobalSection
	GlobalSection(SolutionProperties) = preSolution
		HideSolutionNode = FALSE
	EndGlobalSection
	GlobalSection(ExtensibilityGlobals) = postSolution
		SolutionGuid = {2EC6D3EF-4ED5-4596-A56E-A3D56AAA8B9B}
	EndGlobalSection
EndGlobal
